
Microsoft Visual Studio Solution File, Format Version 12.00
# Visual Studio 15
VisualStudioVersion = 15.0.27004.2002
MinimumVisualStudioVersion = 10.0.40219.1
Project("{FAE04EC0-301F-11D3-BF4B-00C04F79EFBC}") = "AzureFaceRecognition", "AzureFaceRecognition\AzureFaceRecognition.csproj", "{A2D4DDAA-CE4B-4210-943D-C587F55B2431}"
EndProject
Project("{FAE04EC0-301F-11D3-BF4B-00C04F79EFBC}") = "TestFaceAPIApp", "TestFaceAPIApp\TestFaceAPIApp.csproj", "{12EC3FE9-65EA-41A1-A20C-3B6AFE080AF3}"
EndProject
Project("{FAE04EC0-301F-11D3-BF4B-00C04F79EFBC}") = "BotClient", "BotClient\BotClient.csproj", "{3B69C3F6-0429-4270-A57C-A0C62618156D}"
EndProject
Global
	GlobalSection(SolutionConfigurationPlatforms) = preSolution
		Debug|Any CPU = Debug|Any CPU
		Release|Any CPU = Release|Any CPU
	EndGlobalSection
	GlobalSection(ProjectConfigurationPlatforms) = postSolution
		{A2D4DDAA-CE4B-4210-943D-C587F55B2431}.Debug|Any CPU.ActiveCfg = Debug|Any CPU
		{A2D4DDAA-CE4B-4210-943D-C587F55B2431}.Debug|Any CPU.Build.0 = Debug|Any CPU
		{A2D4DDAA-CE4B-4210-943D-C587F55B2431}.Release|Any CPU.ActiveCfg = Release|Any CPU
		{A2D4DDAA-CE4B-4210-943D-C587F55B2431}.Release|Any CPU.Build.0 = Release|Any CPU
		{12EC3FE9-65EA-41A1-A20C-3B6AFE080AF3}.Debug|Any CPU.ActiveCfg = Debug|Any CPU
		{12EC3FE9-65EA-41A1-A20C-3B6AFE080AF3}.Debug|Any CPU.Build.0 = Debug|Any CPU
		{12EC3FE9-65EA-41A1-A20C-3B6AFE080AF3}.Release|Any CPU.ActiveCfg = Release|Any CPU
		{12EC3FE9-65EA-41A1-A20C-3B6AFE080AF3}.Release|Any CPU.Build.0 = Release|Any CPU
		{3B69C3F6-0429-4270-A57C-A0C62618156D}.Debug|Any CPU.ActiveCfg = Debug|Any CPU
		{3B69C3F6-0429-4270-A57C-A0C62618156D}.Debug|Any CPU.Build.0 = Debug|Any CPU
		{3B69C3F6-0429-4270-A57C-A0C62618156D}.Release|Any CPU.ActiveCfg = Release|Any CPU
		{3B69C3F6-0429-4270-A57C-A0C62618156D}.Release|Any CPU.Build.0 = Release|Any CPU
	EndGlobalSection
	GlobalSection(SolutionProperties) = preSolution
		HideSolutionNode = FALSE
	EndGlobalSection
	GlobalSection(ExtensibilityGlobals) = postSolution
		SolutionGuid = {6B4D4577-B952-4929-B1FD-4797CDE83AEB}
	EndGlobalSection
EndGlobal
